# THIS IS AN AUTOGENERATED FILE. DO NOT EDIT THIS FILE DIRECTLY.
# yarn lockfile v1


parse-yarn-lock@0.28.4:
  version "0.28.4"
  resolved "https://registry.yarnpkg.com/parse-yarn-lock/-/parse-yarn-lock-0.28.4.tgz#3daac22f989436a02af36088dd77a79c9f3c54ff"
  integrity sha1-ParCL5iUNqAq82CI3XennJ88VP8=

semver@^7.3.2:
  version "7.3.2"
  resolved "https://registry.yarnpkg.com/semver/-/semver-7.3.2.tgz#604962b052b81ed0786aae84389ffba70ffd3938"
  integrity sha512-OrOb32TeeambH6UrhtShmF7CRDqhL6/5XpPNp2DuRH6+9QLw/orhp72j87v8Qa1ScDkvrrBNpZcDejAirJmfXQ==
